github.com/HypePhilosophy/postgrest-go v0.1.4 h1:F9GpLhr0SeLUxHDlwKwKZp6cDTNO97fZcdi0D/rL+Pw=
github.com/HypePhilosophy/postgrest-go v0.1.4/go.mod h1:32zjb7IKnlTd6G34GbdukSJtX6w8F0m5cTcwOKCgqrs=
github.com/HypePhilosophy/postgrest-go v0.1.5 h1:02xjTevjJXclhUqNLGTEAhNb1se26TBp4BLtXqUpFl0=
github.com/HypePhilosophy/postgrest-go v0.1.5/go.mod h1:yn2Yu64opcT1K+63Brk9NMLf4mQ2R9Vi7tnFQbYJ0yQ=
